{
  "version": 4,
  "terraform_version": "1.2.2",
  "serial": 30,
  "lineage": "ad1ecb75-9b4c-cca1-cf77-21e1853d8a72",
  "outputs": {},
  "resources": [
    {
      "mode": "data",
      "type": "archive_file",
      "name": "python_lambda_package",
      "provider": "provider[\"registry.terraform.io/hashicorp/archive\"]",
      "instances": [
        {
          "schema_version": 0,
          "attributes": {
            "excludes": null,
            "id": "10b6113320b749cabc7051aec4ca28f192ea3049",
            "output_base64sha256": "qfMvTSZabcSlID9S7arTuaCIHbvzLsZ1HAxw1NfEUU8=",
            "output_file_mode": null,
            "output_md5": "01b9881be6aaae3953f6af2099e767d0",
            "output_path": "nametest.zip",
            "output_sha": "10b6113320b749cabc7051aec4ca28f192ea3049",
            "output_size": 281,
            "source": [],
            "source_content": null,
            "source_content_filename": null,
            "source_dir": null,
            "source_file": "../../lambda_functions/lambda_function.py",
            "type": "zip"
          },
          "sensitive_attributes": []
        }
      ]
    },
    {
      "mode": "data",
      "type": "archive_file",
      "name": "python_lambda_package_2",
      "provider": "provider[\"registry.terraform.io/hashicorp/archive\"]",
      "instances": [
        {
          "schema_version": 0,
          "attributes": {
            "excludes": null,
            "id": "0702b4a1b797519f350aa21e1a65fada58128d5a",
            "output_base64sha256": "jla7aXnPR+XZoQzUvx/72QJsYzWzf5KMCuaIQwvBmoQ=",
            "output_file_mode": null,
            "output_md5": "081099f58124b9e58f41f64e8146a68c",
            "output_path": "nametest_2.zip",
            "output_sha": "0702b4a1b797519f350aa21e1a65fada58128d5a",
            "output_size": 287,
            "source": [],
            "source_content": null,
            "source_content_filename": null,
            "source_dir": null,
            "source_file": "../../lambda_functions/lambda_function_2.py",
            "type": "zip"
          },
          "sensitive_attributes": []
        }
      ]
    },
    {
      "mode": "data",
      "type": "aws_iam_policy_document",
      "name": "lambda_assume_role_policy",
      "provider": "provider[\"registry.terraform.io/hashicorp/aws\"]",
      "instances": [
        {
          "schema_version": 0,
          "attributes": {
            "id": "601522199",
            "json": "{\n  \"Version\": \"2012-10-17\",\n  \"Statement\": [\n    {\n      \"Sid\": \"\",\n      \"Effect\": \"Allow\",\n      \"Action\": \"sts:AssumeRole\",\n      \"Principal\": {\n        \"Service\": \"lambda.amazonaws.com\"\n      }\n    }\n  ]\n}",
            "override_json": null,
            "policy_id": null,
            "source_json": null,
            "statement": [
              {
                "actions": [
                  "sts:AssumeRole"
                ],
                "condition": [],
                "effect": "Allow",
                "not_actions": [],
                "not_principals": [],
                "not_resources": [],
                "principals": [
                  {
                    "identifiers": [
                      "lambda.amazonaws.com"
                    ],
                    "type": "Service"
                  }
                ],
                "resources": [],
                "sid": ""
              }
            ],
            "version": "2012-10-17"
          },
          "sensitive_attributes": []
        }
      ]
    },
    {
      "mode": "managed",
      "type": "aws_budgets_budget",
      "name": "monthly-budget",
      "provider": "provider[\"registry.terraform.io/hashicorp/aws\"]",
      "instances": [
        {
          "schema_version": 0,
          "attributes": {
            "account_id": "422840398435",
            "budget_type": "COST",
            "cost_filters": {},
            "cost_types": [
              {
                "include_credit": true,
                "include_discount": true,
                "include_other_subscription": true,
                "include_recurring": true,
                "include_refund": true,
                "include_subscription": true,
                "include_support": true,
                "include_tax": true,
                "include_upfront": true,
                "use_amortized": false,
                "use_blended": false
              }
            ],
            "id": "422840398435:monthly-budget_2",
            "limit_amount": "22.0",
            "limit_unit": "USD",
            "name": "monthly-budget_2",
            "name_prefix": null,
            "notification": [
              {
                "comparison_operator": "GREATER_THAN",
                "notification_type": "FORECASTED",
                "subscriber_email_addresses": [
                  "user@example.com"
                ],
                "subscriber_sns_topic_arns": [],
                "threshold": 100,
                "threshold_type": "PERCENTAGE"
              }
            ],
            "time_period_end": "2087-06-15_00:00",
            "time_period_start": "2021-09-01_00:00",
            "time_unit": "MONTHLY"
          },
          "sensitive_attributes": [],
          "private": "bnVsbA=="
        }
      ]
    },
    {
      "mode": "managed",
      "type": "aws_dynamodb_table",
      "name": "terraform_locks",
      "provider": "provider[\"registry.terraform.io/hashicorp/aws\"]",
      "instances": [
        {
          "schema_version": 1,
          "attributes": {
            "arn": "arn:aws:dynamodb:eu-central-1:422840398435:table/terraform-up-and-running-locks",
            "attribute": [
              {
                "name": "LockID",
                "type": "S"
              }
            ],
            "billing_mode": "PAY_PER_REQUEST",
            "global_secondary_index": [],
            "hash_key": "LockID",
            "id": "terraform-up-and-running-locks",
            "local_secondary_index": [],
            "name": "terraform-up-and-running-locks",
            "point_in_time_recovery": [
              {
                "enabled": false
              }
            ],
            "range_key": null,
            "read_capacity": 0,
            "replica": [],
            "server_side_encryption": [],
            "stream_arn": "",
            "stream_enabled": false,
            "stream_label": "",
            "stream_view_type": "",
            "tags": {},
            "timeouts": null,
            "ttl": [
              {
                "attribute_name": "",
                "enabled": false
              }
            ],
            "write_capacity": 0
          },
          "sensitive_attributes": [],
          "private": "eyJlMmJmYjczMC1lY2FhLTExZTYtOGY4OC0zNDM2M2JjN2M0YzAiOnsiY3JlYXRlIjo2MDAwMDAwMDAwMDAsImRlbGV0ZSI6NjAwMDAwMDAwMDAwLCJ1cGRhdGUiOjM2MDAwMDAwMDAwMDB9LCJzY2hlbWFfdmVyc2lvbiI6IjEifQ=="
        }
      ]
    },
    {
      "mode": "managed",
      "type": "aws_iam_role",
      "name": "lambda_role",
      "provider": "provider[\"registry.terraform.io/hashicorp/aws\"]",
      "instances": [
        {
          "schema_version": 0,
          "attributes": {
            "arn": "arn:aws:iam::422840398435:role/lambda-lambdaRole-waf",
            "assume_role_policy": "{\"Version\":\"2012-10-17\",\"Statement\":[{\"Sid\":\"\",\"Effect\":\"Allow\",\"Principal\":{\"Service\":\"lambda.amazonaws.com\"},\"Action\":\"sts:AssumeRole\"}]}",
            "create_date": "2022-06-09T16:23:23Z",
            "description": "",
            "force_detach_policies": false,
            "id": "lambda-lambdaRole-waf",
            "max_session_duration": 3600,
            "name": "lambda-lambdaRole-waf",
            "name_prefix": null,
            "path": "/",
            "permissions_boundary": null,
            "tags": {},
            "unique_id": "AROAWE42AOJR4E6PBORKS"
          },
          "sensitive_attributes": [],
          "private": "eyJzY2hlbWFfdmVyc2lvbiI6IjAifQ==",
          "dependencies": [
            "data.aws_iam_policy_document.lambda_assume_role_policy"
          ]
        }
      ]
    },
    {
      "mode": "managed",
      "type": "aws_lambda_function",
      "name": "test_lambda_function",
      "provider": "provider[\"registry.terraform.io/hashicorp/aws\"]",
      "instances": [
        {
          "schema_version": 0,
          "attributes": {
            "arn": "arn:aws:lambda:eu-central-1:422840398435:function:lambdaTest",
            "dead_letter_config": [],
            "description": "",
            "environment": [],
            "file_system_config": [],
            "filename": "nametest.zip",
            "function_name": "lambdaTest",
            "handler": "lambda_function.lambda_handler",
            "id": "lambdaTest",
            "invoke_arn": "arn:aws:apigateway:eu-central-1:lambda:path/2015-03-31/functions/arn:aws:lambda:eu-central-1:422840398435:function:lambdaTest/invocations",
            "kms_key_arn": "",
            "last_modified": "2022-06-10T18:24:32.000+0000",
            "layers": [],
            "memory_size": 128,
            "publish": false,
            "qualified_arn": "arn:aws:lambda:eu-central-1:422840398435:function:lambdaTest:$LATEST",
            "reserved_concurrent_executions": -1,
            "role": "arn:aws:iam::422840398435:role/lambda-lambdaRole-waf",
            "runtime": "python3.6",
            "s3_bucket": null,
            "s3_key": null,
            "s3_object_version": null,
            "source_code_hash": "qfMvTSZabcSlID9S7arTuaCIHbvzLsZ1HAxw1NfEUU8=",
            "source_code_size": 281,
            "tags": {},
            "timeout": 10,
            "timeouts": {
              "create": null
            },
            "tracing_config": [
              {
                "mode": "PassThrough"
              }
            ],
            "version": "$LATEST",
            "vpc_config": []
          },
          "sensitive_attributes": [],
          "private": "eyJlMmJmYjczMC1lY2FhLTExZTYtOGY4OC0zNDM2M2JjN2M0YzAiOnsiY3JlYXRlIjo2MDAwMDAwMDAwMDB9fQ==",
          "dependencies": [
            "aws_iam_role.lambda_role",
            "data.archive_file.python_lambda_package",
            "data.aws_iam_policy_document.lambda_assume_role_policy"
          ]
        }
      ]
    },
    {
      "mode": "managed",
      "type": "aws_lambda_function",
      "name": "test_lambda_function_2",
      "provider": "provider[\"registry.terraform.io/hashicorp/aws\"]",
      "instances": [
        {
          "schema_version": 0,
          "attributes": {
            "arn": "arn:aws:lambda:eu-central-1:422840398435:function:lambdaTest2",
            "dead_letter_config": [],
            "description": "",
            "environment": [],
            "file_system_config": [],
            "filename": "nametest_2.zip",
            "function_name": "lambdaTest2",
            "handler": "lambda_function.lambda_handler",
            "id": "lambdaTest2",
            "invoke_arn": "arn:aws:apigateway:eu-central-1:lambda:path/2015-03-31/functions/arn:aws:lambda:eu-central-1:422840398435:function:lambdaTest2/invocations",
            "kms_key_arn": "",
            "last_modified": "2022-06-10T18:57:02.000+0000",
            "layers": [],
            "memory_size": 128,
            "publish": false,
            "qualified_arn": "arn:aws:lambda:eu-central-1:422840398435:function:lambdaTest2:$LATEST",
            "reserved_concurrent_executions": -1,
            "role": "arn:aws:iam::422840398435:role/lambda-lambdaRole-waf",
            "runtime": "python3.6",
            "s3_bucket": null,
            "s3_key": null,
            "s3_object_version": null,
            "source_code_hash": "jla7aXnPR+XZoQzUvx/72QJsYzWzf5KMCuaIQwvBmoQ=",
            "source_code_size": 287,
            "tags": {},
            "timeout": 10,
            "timeouts": null,
            "tracing_config": [
              {
                "mode": "PassThrough"
              }
            ],
            "version": "$LATEST",
            "vpc_config": []
          },
          "sensitive_attributes": [],
          "private": "eyJlMmJmYjczMC1lY2FhLTExZTYtOGY4OC0zNDM2M2JjN2M0YzAiOnsiY3JlYXRlIjo2MDAwMDAwMDAwMDB9fQ==",
          "dependencies": [
            "aws_iam_role.lambda_role",
            "data.archive_file.python_lambda_package"
          ]
        }
      ]
    },
    {
      "mode": "managed",
      "type": "aws_s3_bucket",
      "name": "terraform_state",
      "provider": "provider[\"registry.terraform.io/hashicorp/aws\"]",
      "instances": [
        {
          "schema_version": 0,
          "attributes": {
            "acceleration_status": "",
            "acl": "private",
            "arn": "arn:aws:s3:::terraform-up-and-running-state-nm-test",
            "bucket": "terraform-up-and-running-state-nm-test",
            "bucket_domain_name": "terraform-up-and-running-state-nm-test.s3.amazonaws.com",
            "bucket_prefix": null,
            "bucket_regional_domain_name": "terraform-up-and-running-state-nm-test.s3.eu-central-1.amazonaws.com",
            "cors_rule": [],
            "force_destroy": false,
            "grant": [],
            "hosted_zone_id": "Z21DNDUVLTQW6Q",
            "id": "terraform-up-and-running-state-nm-test",
            "lifecycle_rule": [],
            "logging": [],
            "object_lock_configuration": [],
            "policy": null,
            "region": "eu-central-1",
            "replication_configuration": [],
            "request_payer": "BucketOwner",
            "server_side_encryption_configuration": [
              {
                "rule": [
                  {
                    "apply_server_side_encryption_by_default": [
                      {
                        "kms_master_key_id": "",
                        "sse_algorithm": "AES256"
                      }
                    ]
                  }
                ]
              }
            ],
            "tags": {},
            "versioning": [
              {
                "enabled": true,
                "mfa_delete": false
              }
            ],
            "website": [],
            "website_domain": null,
            "website_endpoint": null
          },
          "sensitive_attributes": [],
          "private": "bnVsbA=="
        }
      ]
    }
  ]
}
